
Microsoft Visual Studio Solution File, Format Version 12.00
# Visual Studio Version 17
VisualStudioVersion = 17.1.32210.238
MinimumVisualStudioVersion = 10.0.40219.1
Project("{FAE04EC0-301F-11D3-BF4B-00C04F79EFBC}") = "tpmodul7_1302204066", "tpmodul7_1302204066\tpmodul7_1302204066.csproj", "{63C50CD7-B0A9-4809-9E14-A77887BF7031}"
EndProject
Global
	GlobalSection(SolutionConfigurationPlatforms) = preSolution
		Debug|Any CPU = Debug|Any CPU
		Release|Any CPU = Release|Any CPU
	EndGlobalSection
	GlobalSection(ProjectConfigurationPlatforms) = postSolution
		{63C50CD7-B0A9-4809-9E14-A77887BF7031}.Debug|Any CPU.ActiveCfg = Debug|Any CPU
		{63C50CD7-B0A9-4809-9E14-A77887BF7031}.Debug|Any CPU.Build.0 = Debug|Any CPU
		{63C50CD7-B0A9-4809-9E14-A77887BF7031}.Release|Any CPU.ActiveCfg = Release|Any CPU
		{63C50CD7-B0A9-4809-9E14-A77887BF7031}.Release|Any CPU.Build.0 = Release|Any CPU
	EndGlobalSection
	GlobalSection(SolutionProperties) = preSolution
		HideSolutionNode = FALSE
	EndGlobalSection
	GlobalSection(ExtensibilityGlobals) = postSolution
		SolutionGuid = {94710D9D-55DB-4E22-96C2-1E91D0ED0710}
	EndGlobalSection
EndGlobal
